
Microsoft Visual Studio Solution File, Format Version 12.00
# Visual Studio 15
VisualStudioVersion = 15.0.28307.2092
MinimumVisualStudioVersion = 10.0.40219.1
Project("{888888A0-9F3D-457C-B088-3A5042F75D52}") = "rpchecker", "connectivity_checker\rpchecker.pyproj", "{8DE1213E-225E-42E7-AD26-5AD1262412EC}"
EndProject
Global
	GlobalSection(SolutionConfigurationPlatforms) = preSolution
		Debug|Any CPU = Debug|Any CPU
		Release|Any CPU = Release|Any CPU
	EndGlobalSection
	GlobalSection(ProjectConfigurationPlatforms) = postSolution
		{8DE1213E-225E-42E7-AD26-5AD1262412EC}.Debug|Any CPU.ActiveCfg = Debug|Any CPU
		{8DE1213E-225E-42E7-AD26-5AD1262412EC}.Release|Any CPU.ActiveCfg = Release|Any CPU
	EndGlobalSection
	GlobalSection(SolutionProperties) = preSolution
		HideSolutionNode = FALSE
	EndGlobalSection
	GlobalSection(ExtensibilityGlobals) = postSolution
		SolutionGuid = {BE7E578A-EFD4-47CA-BE2D-70AE128F9380}
	EndGlobalSection
EndGlobal
